
Microsoft Visual Studio Solution File, Format Version 12.00
# Visual Studio 2012
Project("{FAE04EC0-301F-11D3-BF4B-00C04F79EFBC}") = "Boxing_Unboxing_Dynamic_test", "Boxing_Unboxing_Dynamic_test\Boxing_Unboxing_Dynamic_test.csproj", "{78C48232-388D-4616-AB7E-712A965F543E}"
EndProject
Global
	GlobalSection(SolutionConfigurationPlatforms) = preSolution
		Debug|Any CPU = Debug|Any CPU
		Release|Any CPU = Release|Any CPU
	EndGlobalSection
	GlobalSection(ProjectConfigurationPlatforms) = postSolution
		{78C48232-388D-4616-AB7E-712A965F543E}.Debug|Any CPU.ActiveCfg = Debug|Any CPU
		{78C48232-388D-4616-AB7E-712A965F543E}.Debug|Any CPU.Build.0 = Debug|Any CPU
		{78C48232-388D-4616-AB7E-712A965F543E}.Release|Any CPU.ActiveCfg = Release|Any CPU
		{78C48232-388D-4616-AB7E-712A965F543E}.Release|Any CPU.Build.0 = Release|Any CPU
	EndGlobalSection
	GlobalSection(SolutionProperties) = preSolution
		HideSolutionNode = FALSE
	EndGlobalSection
EndGlobal
